
Microsoft Visual Studio Solution File, Format Version 12.00
# Visual Studio Version 16
VisualStudioVersion = 16.0.31501.217
MinimumVisualStudioVersion = 10.0.40219.1
Project("{FAE04EC0-301F-11D3-BF4B-00C04F79EFBC}") = "GenevaActionsHelloWorld", "GenevaActionsHelloWorld\GenevaActionsHelloWorld.csproj", "{0BCF7F83-CA87-4E2D-A433-A49BAC2D9632}"
EndProject
Global
	GlobalSection(SolutionConfigurationPlatforms) = preSolution
		Debug|Any CPU = Debug|Any CPU
		Release|Any CPU = Release|Any CPU
	EndGlobalSection
	GlobalSection(ProjectConfigurationPlatforms) = postSolution
		{0BCF7F83-CA87-4E2D-A433-A49BAC2D9632}.Debug|Any CPU.ActiveCfg = Debug|Any CPU
		{0BCF7F83-CA87-4E2D-A433-A49BAC2D9632}.Debug|Any CPU.Build.0 = Debug|Any CPU
		{0BCF7F83-CA87-4E2D-A433-A49BAC2D9632}.Release|Any CPU.ActiveCfg = Release|Any CPU
		{0BCF7F83-CA87-4E2D-A433-A49BAC2D9632}.Release|Any CPU.Build.0 = Release|Any CPU
	EndGlobalSection
	GlobalSection(SolutionProperties) = preSolution
		HideSolutionNode = FALSE
	EndGlobalSection
	GlobalSection(ExtensibilityGlobals) = postSolution
		SolutionGuid = {924CD216-FE0B-460E-800F-E7ED16162D88}
	EndGlobalSection
EndGlobal
